<?xml version="1.0" encoding="utf-8"?>
<Project ToolsVersion="4.0" xmlns="http://schemas.microsoft.com/developer/msbuild/2003">
  <ItemGroup>
    <Filter Include="Core">
      <UniqueIdentifier>{2EB4837C-1AEB-840D-C3D7-6A10AFED000F}</UniqueIdentifier>
    </Filter>
    <Filter Include="Platforms">
      <UniqueIdentifier>{DDACA145-4917-56BC-9255-0762FEFE3311}</UniqueIdentifier>
    </Filter>
    <Filter Include="Platforms\OpenGL">
      <UniqueIdentifier>{719BB998-5D94-D8EA-86C6-BD6F721EB8F6}</UniqueIdentifier>
    </Filter>
    <Filter Include="Platforms\Windows">
      <UniqueIdentifier>{17E40808-83FA-069E-CC71-92BF38C7D725}</UniqueIdentifier>
    </Filter>
    <Filter Include="Renderer">
      <UniqueIdentifier>{7CCE658F-689B-C09A-91B4-AE427DE0F528}</UniqueIdentifier>
    </Filter>
  </ItemGroup>
  <ItemGroup>
    <ClInclude Include="Engine\src\Core\Application.h">
      <Filter>Core</Filter>
    </ClInclude>
    <ClInclude Include="Engine\src\Core\Base.h">
      <Filter>Core</Filter>
    </ClInclude>
    <ClInclude Include="Engine\src\Core\EntryPoint.h">
      <Filter>Core</Filter>
    </ClInclude>
    <ClInclude Include="Engine\src\Core\Input.h">
      <Filter>Core</Filter>
    </ClInclude>
    <ClInclude Include="Engine\src\Core\Layer.h">
      <Filter>Core</Filter>
    </ClInclude>
    <ClInclude Include="Engine\src\Core\LayerStack.h">
      <Filter>Core</Filter>
    </ClInclude>
    <ClInclude Include="Engine\src\Core\Logger.h">
      <Filter>Core</Filter>
    </ClInclude>
    <ClInclude Include="Engine\src\Core\OSDetection.h">
      <Filter>Core</Filter>
    </ClInclude>
    <ClInclude Include="Engine\src\Core\Time.h">
      <Filter>Core</Filter>
    </ClInclude>
    <ClInclude Include="Engine\src\Core\Utilities.h">
      <Filter>Core</Filter>
    </ClInclude>
    <ClInclude Include="Engine\src\Core\Window.h">
      <Filter>Core</Filter>
    </ClInclude>
    <ClInclude Include="Engine\src\Engine.h" />
    <ClInclude Include="Engine\src\Platforms\OpenGL\OpenGL.h">
      <Filter>Platforms\OpenGL</Filter>
    </ClInclude>
    <ClInclude Include="Engine\src\Platforms\Windows\WinWindow.h">
      <Filter>Platforms\Windows</Filter>
    </ClInclude>
    <ClInclude Include="Engine\src\Core\Texture.h" />
    <ClInclude Include="Engine\src\Core\Mesh.h" />
    <ClInclude Include="Engine\src\Renderer\Primitives.h" />
    <ClInclude Include="Engine\src\Renderer\Renderer2D.h" />
    <ClInclude Include="Engine\src\Renderer\Camera.h" />
    <ClInclude Include="Engine\src\Renderer\Shader.h" />
    <ClInclude Include="Engine\src\Core\Model.h" />
    <ClInclude Include="Engine\src\Renderer\VertexArray.h" />
    <ClInclude Include="Engine\src\Renderer\Buffers\VertexBuffer.h" />
    <ClInclude Include="Engine\src\Renderer\Buffers\ElementBuffer.h" />
  </ItemGroup>
  <ItemGroup>
    <ClCompile Include="Engine\src\Core\Application.cpp">
      <Filter>Core</Filter>
    </ClCompile>
    <ClCompile Include="Engine\src\Core\Input.cpp">
      <Filter>Core</Filter>
    </ClCompile>
    <ClCompile Include="Engine\src\Core\Layer.cpp">
      <Filter>Core</Filter>
    </ClCompile>
    <ClCompile Include="Engine\src\Core\LayerStack.cpp">
      <Filter>Core</Filter>
    </ClCompile>
    <ClCompile Include="Engine\src\Core\Logger.cpp">
      <Filter>Core</Filter>
    </ClCompile>
    <ClCompile Include="Engine\src\Core\Window.cpp">
      <Filter>Core</Filter>
    </ClCompile>
    <ClCompile Include="Engine\src\Platforms\OpenGL\OpenGL.cpp">
      <Filter>Platforms\OpenGL</Filter>
    </ClCompile>
    <ClCompile Include="Engine\src\Platforms\Windows\WinWindow.cpp">
      <Filter>Platforms\Windows</Filter>
    </ClCompile>
    <ClCompile Include="Engine\src\Core\Texture.cpp" />
    <ClCompile Include="Engine\src\Core\Mesh.cpp" />
    <ClCompile Include="Engine\src\Renderer\Renderer2D.cpp" />
    <ClCompile Include="Engine\src\Renderer\Camera.cpp" />
    <ClCompile Include="Engine\src\Renderer\Shader.cpp" />
    <ClCompile Include="Engine\src\Core\Model.cpp" />
    <ClCompile Include="Engine\src\Renderer\VertexArray.cpp" />
    <ClCompile Include="Engine\src\Renderer\Buffers\VertexBuffer.cpp" />
    <ClCompile Include="Engine\src\Renderer\Buffers\ElementBuffer.cpp" />
  </ItemGroup>
</Project>